// !$*UTF8*$!
{
	archiveVersion = 1;
	classes = {
	};
	objectVersion = 46;
	objects = {

/* Begin PBXBuildFile section */
		9B601E2218B616E600EFBEB4 /* Foundation.framework in Frameworks */ = {isa = PBXBuildFile; fileRef = 9B601E2118B616E600EFBEB4 /* Foundation.framework */; };
		9B601E2418B616E600EFBEB4 /* CoreGraphics.framework in Frameworks */ = {isa = PBXBuildFile; fileRef = 9B601E2318B616E600EFBEB4 /* CoreGraphics.framework */; };
		9B601E2618B616E600EFBEB4 /* UIKit.framework in Frameworks */ = {isa = PBXBuildFile; fileRef = 9B601E2518B616E600EFBEB4 /* UIKit.framework */; };
		9B601E2C18B616E600EFBEB4 /* InfoPlist.strings in Resources */ = {isa = PBXBuildFile; fileRef = 9B601E2A18B616E600EFBEB4 /* InfoPlist.strings */; };
		9B601E2E18B616E600EFBEB4 /* main.m in Sources */ = {isa = PBXBuildFile; fileRef = 9B601E2D18B616E600EFBEB4 /* main.m */; };
		9B601E3218B616E600EFBEB4 /* FFAppDelegate.m in Sources */ = {isa = PBXBuildFile; fileRef = 9B601E3118B616E600EFBEB4 /* FFAppDelegate.m */; };
		9B601E3518B616E600EFBEB4 /* Main.storyboard in Resources */ = {isa = PBXBuildFile; fileRef = 9B601E3318B616E600EFBEB4 /* Main.storyboard */; };
		9B601E3818B616E600EFBEB4 /* FFViewController.m in Sources */ = {isa = PBXBuildFile; fileRef = 9B601E3718B616E600EFBEB4 /* FFViewController.m */; };
		9B601E3A18B616E600EFBEB4 /* Images.xcassets in Resources */ = {isa = PBXBuildFile; fileRef = 9B601E3918B616E600EFBEB4 /* Images.xcassets */; };
		9B601E4118B616E600EFBEB4 /* XCTest.framework in Frameworks */ = {isa = PBXBuildFile; fileRef = 9B601E4018B616E600EFBEB4 /* XCTest.framework */; };
		9B601E4218B616E600EFBEB4 /* Foundation.framework in Frameworks */ = {isa = PBXBuildFile; fileRef = 9B601E2118B616E600EFBEB4 /* Foundation.framework */; };
		9B601E4318B616E600EFBEB4 /* UIKit.framework in Frameworks */ = {isa = PBXBuildFile; fileRef = 9B601E2518B616E600EFBEB4 /* UIKit.framework */; };
		9B601E4B18B616E600EFBEB4 /* InfoPlist.strings in Resources */ = {isa = PBXBuildFile; fileRef = 9B601E4918B616E600EFBEB4 /* InfoPlist.strings */; };
		9B601E4D18B616E600EFBEB4 /* DynamicsTests.m in Sources */ = {isa = PBXBuildFile; fileRef = 9B601E4C18B616E600EFBEB4 /* DynamicsTests.m */; };
/* End PBXBuildFile section */

/* Begin PBXContainerItemProxy section */
		9B601E4418B616E600EFBEB4 /* PBXContainerItemProxy */ = {
			isa = PBXContainerItemProxy;
			containerPortal = 9B601E1618B616E600EFBEB4 /* Project object */;
			proxyType = 1;
			remoteGlobalIDString = 9B601E1D18B616E600EFBEB4;
			remoteInfo = Dynamics;
		};
/* End PBXContainerItemProxy section */

/* Begin PBXFileReference section */
		9B601E1E18B616E600EFBEB4 /* Dynamics.app */ = {isa = PBXFileReference; explicitFileType = wrapper.application; includeInIndex = 0; path = Dynamics.app; sourceTree = BUILT_PRODUCTS_DIR; };
		9B601E2118B616E600EFBEB4 /* Foundation.framework */ = {isa = PBXFileReference; lastKnownFileType = wrapper.framework; name = Foundation.framework; path = System/Library/Frameworks/Foundation.framework; sourceTree = SDKROOT; };
		9B601E2318B616E600EFBEB4 /* CoreGraphics.framework */ = {isa = PBXFileReference; lastKnownFileType = wrapper.framework; name = CoreGraphics.framework; path = System/Library/Frameworks/CoreGraphics.framework; sourceTree = SDKROOT; };
		9B601E2518B616E600EFBEB4 /* UIKit.framework */ = {isa = PBXFileReference; lastKnownFileType = wrapper.framework; name = UIKit.framework; path = System/Library/Frameworks/UIKit.framework; sourceTree = SDKROOT; };
		9B601E2918B616E600EFBEB4 /* Dynamics-Info.plist */ = {isa = PBXFileReference; lastKnownFileType = text.plist.xml; path = "Dynamics-Info.plist"; sourceTree = "<group>"; };
		9B601E2B18B616E600EFBEB4 /* en */ = {isa = PBXFileReference; lastKnownFileType = text.plist.strings; name = en; path = en.lproj/InfoPlist.strings; sourceTree = "<group>"; };
		9B601E2D18B616E600EFBEB4 /* main.m */ = {isa = PBXFileReference; lastKnownFileType = sourcecode.c.objc; path = main.m; sourceTree = "<group>"; };
		9B601E2F18B616E600EFBEB4 /* Dynamics-Prefix.pch */ = {isa = PBXFileReference; lastKnownFileType = sourcecode.c.h; path = "Dynamics-Prefix.pch"; sourceTree = "<group>"; };
		9B601E3018B616E600EFBEB4 /* FFAppDelegate.h */ = {isa = PBXFileReference; lastKnownFileType = sourcecode.c.h; path = FFAppDelegate.h; sourceTree = "<group>"; };
		9B601E3118B616E600EFBEB4 /* FFAppDelegate.m */ = {isa = PBXFileReference; lastKnownFileType = sourcecode.c.objc; path = FFAppDelegate.m; sourceTree = "<group>"; };
		9B601E3418B616E600EFBEB4 /* Base */ = {isa = PBXFileReference; lastKnownFileType = file.storyboard; name = Base; path = Base.lproj/Main.storyboard; sourceTree = "<group>"; };
		9B601E3618B616E600EFBEB4 /* FFViewController.h */ = {isa = PBXFileReference; lastKnownFileType = sourcecode.c.h; path = FFViewController.h; sourceTree = "<group>"; };
		9B601E3718B616E600EFBEB4 /* FFViewController.m */ = {isa = PBXFileReference; lastKnownFileType = sourcecode.c.objc; path = FFViewController.m; sourceTree = "<group>"; };
		9B601E3918B616E600EFBEB4 /* Images.xcassets */ = {isa = PBXFileReference; lastKnownFileType = folder.assetcatalog; path = Images.xcassets; sourceTree = "<group>"; };
		9B601E3F18B616E600EFBEB4 /* DynamicsTests.xctest */ = {isa = PBXFileReference; explicitFileType = wrapper.cfbundle; includeInIndex = 0; path = DynamicsTests.xctest; sourceTree = BUILT_PRODUCTS_DIR; };
		9B601E4018B616E600EFBEB4 /* XCTest.framework */ = {isa = PBXFileReference; lastKnownFileType = wrapper.framework; name = XCTest.framework; path = Library/Frameworks/XCTest.framework; sourceTree = DEVELOPER_DIR; };
		9B601E4818B616E600EFBEB4 /* DynamicsTests-Info.plist */ = {isa = PBXFileReference; lastKnownFileType = text.plist.xml; path = "DynamicsTests-Info.plist"; sourceTree = "<group>"; };
		9B601E4A18B616E600EFBEB4 /* en */ = {isa = PBXFileReference; lastKnownFileType = text.plist.strings; name = en; path = en.lproj/InfoPlist.strings; sourceTree = "<group>"; };
		9B601E4C18B616E600EFBEB4 /* DynamicsTests.m */ = {isa = PBXFileReference; lastKnownFileType = sourcecode.c.objc; path = DynamicsTests.m; sourceTree = "<group>"; };
/* End PBXFileReference section */

/* Begin PBXFrameworksBuildPhase section */
		9B601E1B18B616E600EFBEB4 /* Frameworks */ = {
			isa = PBXFrameworksBuildPhase;
			buildActionMask = 2147483647;
			files = (
				9B601E2418B616E600EFBEB4 /* CoreGraphics.framework in Frameworks */,
				9B601E2618B616E600EFBEB4 /* UIKit.framework in Frameworks */,
				9B601E2218B616E600EFBEB4 /* Foundation.framework in Frameworks */,
			);
			runOnlyForDeploymentPostprocessing = 0;
		};
		9B601E3C18B616E600EFBEB4 /* Frameworks */ = {
			isa = PBXFrameworksBuildPhase;
			buildActionMask = 2147483647;
			files = (
				9B601E4118B616E600EFBEB4 /* XCTest.framework in Frameworks */,
				9B601E4318B616E600EFBEB4 /* UIKit.framework in Frameworks */,
				9B601E4218B616E600EFBEB4 /* Foundation.framework in Frameworks */,
			);
			runOnlyForDeploymentPostprocessing = 0;
		};
/* End PBXFrameworksBuildPhase section */

/* Begin PBXGroup section */
		9B601E1518B616E600EFBEB4 = {
			isa = PBXGroup;
			children = (
				9B601E2718B616E600EFBEB4 /* Dynamics */,
				9B601E4618B616E600EFBEB4 /* DynamicsTests */,
				9B601E2018B616E600EFBEB4 /* Frameworks */,
				9B601E1F18B616E600EFBEB4 /* Products */,
			);
			sourceTree = "<group>";
		};
		9B601E1F18B616E600EFBEB4 /* Products */ = {
			isa = PBXGroup;
			children = (
				9B601E1E18B616E600EFBEB4 /* Dynamics.app */,
				9B601E3F18B616E600EFBEB4 /* DynamicsTests.xctest */,
			);
			name = Products;
			sourceTree = "<group>";
		};
		9B601E2018B616E600EFBEB4 /* Frameworks */ = {
			isa = PBXGroup;
			children = (
				9B601E2118B616E600EFBEB4 /* Foundation.framework */,
				9B601E2318B616E600EFBEB4 /* CoreGraphics.framework */,
				9B601E2518B616E600EFBEB4 /* UIKit.framework */,
				9B601E4018B616E600EFBEB4 /* XCTest.framework */,
			);
			name = Frameworks;
			sourceTree = "<group>";
		};
		9B601E2718B616E600EFBEB4 /* Dynamics */ = {
			isa = PBXGroup;
			children = (
				9B601E3018B616E600EFBEB4 /* FFAppDelegate.h */,
				9B601E3118B616E600EFBEB4 /* FFAppDelegate.m */,
				9B601E3318B616E600EFBEB4 /* Main.storyboard */,
				9B601E3618B616E600EFBEB4 /* FFViewController.h */,
				9B601E3718B616E600EFBEB4 /* FFViewController.m */,
				9B601E3918B616E600EFBEB4 /* Images.xcassets */,
				9B601E2818B616E600EFBEB4 /* Supporting Files */,
			);
			path = Dynamics;
			sourceTree = "<group>";
		};
		9B601E2818B616E600EFBEB4 /* Supporting Files */ = {
			isa = PBXGroup;
			children = (
				9B601E2918B616E600EFBEB4 /* Dynamics-Info.plist */,
				9B601E2A18B616E600EFBEB4 /* InfoPlist.strings */,
				9B601E2D18B616E600EFBEB4 /* main.m */,
				9B601E2F18B616E600EFBEB4 /* Dynamics-Prefix.pch */,
			);
			name = "Supporting Files";
			sourceTree = "<group>";
		};
		9B601E4618B616E600EFBEB4 /* DynamicsTests */ = {
			isa = PBXGroup;
			children = (
				9B601E4C18B616E600EFBEB4 /* DynamicsTests.m */,
				9B601E4718B616E600EFBEB4 /* Supporting Files */,
			);
			path = DynamicsTests;
			sourceTree = "<group>";
		};
		9B601E4718B616E600EFBEB4 /* Supporting Files */ = {
			isa = PBXGroup;
			children = (
				9B601E4818B616E600EFBEB4 /* DynamicsTests-Info.plist */,
				9B601E4918B616E600EFBEB4 /* InfoPlist.strings */,
			);
			name = "Supporting Files";
			sourceTree = "<group>";
		};
/* End PBXGroup section */

/* Begin PBXNativeTarget section */
		9B601E1D18B616E600EFBEB4 /* Dynamics */ = {
			isa = PBXNativeTarget;
			buildConfigurationList = 9B601E5018B616E600EFBEB4 /* Build configuration list for PBXNativeTarget "Dynamics" */;
			buildPhases = (
				9B601E1A18B616E600EFBEB4 /* Sources */,
				9B601E1B18B616E600EFBEB4 /* Frameworks */,
				9B601E1C18B616E600EFBEB4 /* Resources */,
			);
			buildRules = (
			);
			dependencies = (
			);
			name = Dynamics;
			productName = Dynamics;
			productReference = 9B601E1E18B616E600EFBEB4 /* Dynamics.app */;
			productType = "com.apple.product-type.application";
		};
		9B601E3E18B616E600EFBEB4 /* DynamicsTests */ = {
			isa = PBXNativeTarget;
			buildConfigurationList = 9B601E5318B616E600EFBEB4 /* Build configuration list for PBXNativeTarget "DynamicsTests" */;
			buildPhases = (
				9B601E3B18B616E600EFBEB4 /* Sources */,
				9B601E3C18B616E600EFBEB4 /* Frameworks */,
				9B601E3D18B616E600EFBEB4 /* Resources */,
			);
			buildRules = (
			);
			dependencies = (
				9B601E4518B616E600EFBEB4 /* PBXTargetDependency */,
			);
			name = DynamicsTests;
			productName = DynamicsTests;
			productReference = 9B601E3F18B616E600EFBEB4 /* DynamicsTests.xctest */;
			productType = "com.apple.product-type.bundle.unit-test";
		};
/* End PBXNativeTarget section */

/* Begin PBXProject section */
		9B601E1618B616E600EFBEB4 /* Project object */ = {
			isa = PBXProject;
			attributes = {
				CLASSPREFIX = FF;
				LastUpgradeCheck = 0500;
				ORGANIZATIONNAME = "王小飞";
				TargetAttributes = {
					9B601E3E18B616E600EFBEB4 = {
						TestTargetID = 9B601E1D18B616E600EFBEB4;
					};
				};
			};
			buildConfigurationList = 9B601E1918B616E600EFBEB4 /* Build configuration list for PBXProject "Dynamics" */;
			compatibilityVersion = "Xcode 3.2";
			developmentRegion = English;
			hasScannedForEncodings = 0;
			knownRegions = (
				en,
				Base,
			);
			mainGroup = 9B601E1518B616E600EFBEB4;
			productRefGroup = 9B601E1F18B616E600EFBEB4 /* Products */;
			projectDirPath = "";
			projectRoot = "";
			targets = (
				9B601E1D18B616E600EFBEB4 /* Dynamics */,
				9B601E3E18B616E600EFBEB4 /* DynamicsTests */,
			);
		};
/* End PBXProject section */

/* Begin PBXResourcesBuildPhase section */
		9B601E1C18B616E600EFBEB4 /* Resources */ = {
			isa = PBXResourcesBuildPhase;
			buildActionMask = 2147483647;
			files = (
				9B601E3A18B616E600EFBEB4 /* Images.xcassets in Resources */,
				9B601E2C18B616E600EFBEB4 /* InfoPlist.strings in Resources */,
				9B601E3518B616E600EFBEB4 /* Main.storyboard in Resources */,
			);
			runOnlyForDeploymentPostprocessing = 0;
		};
		9B601E3D18B616E600EFBEB4 /* Resources */ = {
			isa = PBXResourcesBuildPhase;
			buildActionMask = 2147483647;
			files = (
				9B601E4B18B616E600EFBEB4 /* InfoPlist.strings in Resources */,
			);
			runOnlyForDeploymentPostprocessing = 0;
		};
/* End PBXResourcesBuildPhase section */

/* Begin PBXSourcesBuildPhase section */
		9B601E1A18B616E600EFBEB4 /* Sources */ = {
			isa = PBXSourcesBuildPhase;
			buildActionMask = 2147483647;
			files = (
				9B601E3218B616E600EFBEB4 /* FFAppDelegate.m in Sources */,
				9B601E2E18B616E600EFBEB4 /* main.m in Sources */,
				9B601E3818B616E600EFBEB4 /* FFViewController.m in Sources */,
			);
			runOnlyForDeploymentPostprocessing = 0;
		};
		9B601E3B18B616E600EFBEB4 /* Sources */ = {
			isa = PBXSourcesBuildPhase;
			buildActionMask = 2147483647;
			files = (
				9B601E4D18B616E600EFBEB4 /* DynamicsTests.m in Sources */,
			);
			runOnlyForDeploymentPostprocessing = 0;
		};
/* End PBXSourcesBuildPhase section */

/* Begin PBXTargetDependency section */
		9B601E4518B616E600EFBEB4 /* PBXTargetDependency */ = {
			isa = PBXTargetDependency;
			target = 9B601E1D18B616E600EFBEB4 /* Dynamics */;
			targetProxy = 9B601E4418B616E600EFBEB4 /* PBXContainerItemProxy */;
		};
/* End PBXTargetDependency section */

/* Begin PBXVariantGroup section */
		9B601E2A18B616E600EFBEB4 /* InfoPlist.strings */ = {
			isa = PBXVariantGroup;
			children = (
				9B601E2B18B616E600EFBEB4 /* en */,
			);
			name = InfoPlist.strings;
			sourceTree = "<group>";
		};
		9B601E3318B616E600EFBEB4 /* Main.storyboard */ = {
			isa = PBXVariantGroup;
			children = (
				9B601E3418B616E600EFBEB4 /* Base */,
			);
			name = Main.storyboard;
			sourceTree = "<group>";
		};
		9B601E4918B616E600EFBEB4 /* InfoPlist.strings */ = {
			isa = PBXVariantGroup;
			children = (
				9B601E4A18B616E600EFBEB4 /* en */,
			);
			name = InfoPlist.strings;
			sourceTree = "<group>";
		};
/* End PBXVariantGroup section */

/* Begin XCBuildConfiguration section */
		9B601E4E18B616E600EFBEB4 /* Debug */ = {
			isa = XCBuildConfiguration;
			buildSettings = {
				ALWAYS_SEARCH_USER_PATHS = NO;
				ARCHS = "$(ARCHS_STANDARD_INCLUDING_64_BIT)";
				CLANG_CXX_LANGUAGE_STANDARD = "gnu++0x";
				CLANG_CXX_LIBRARY = "libc++";
				CLANG_ENABLE_MODULES = YES;
				CLANG_ENABLE_OBJC_ARC = YES;
				CLANG_WARN_BOOL_CONVERSION = YES;
				CLANG_WARN_CONSTANT_CONVERSION = YES;
				CLANG_WARN_DIRECT_OBJC_ISA_USAGE = YES_ERROR;
				CLANG_WARN_EMPTY_BODY = YES;
				CLANG_WARN_ENUM_CONVERSION = YES;
				CLANG_WARN_INT_CONVERSION = YES;
				CLANG_WARN_OBJC_ROOT_CLASS = YES_ERROR;
				CLANG_WARN__DUPLICATE_METHOD_MATCH = YES;
				"CODE_SIGN_IDENTITY[sdk=iphoneos*]" = "iPhone Developer";
				COPY_PHASE_STRIP = NO;
				GCC_C_LANGUAGE_STANDARD = gnu99;
				GCC_DYNAMIC_NO_PIC = NO;
				GCC_OPTIMIZATION_LEVEL = 0;
				GCC_PREPROCESSOR_DEFINITIONS = (
					"DEBUG=1",
					"$(inherited)",
				);
				GCC_SYMBOLS_PRIVATE_EXTERN = NO;
				GCC_WARN_64_TO_32_BIT_CONVERSION = YES;
				GCC_WARN_ABOUT_RETURN_TYPE = YES_ERROR;
				GCC_WARN_UNDECLARED_SELECTOR = YES;
				GCC_WARN_UNINITIALIZED_AUTOS = YES;
				GCC_WARN_UNUSED_FUNCTION = YES;
				GCC_WARN_UNUSED_VARIABLE = YES;
				IPHONEOS_DEPLOYMENT_TARGET = 7.0;
				ONLY_ACTIVE_ARCH = YES;
				SDKROOT = iphoneos;
			};
			name = Debug;
		};
		9B601E4F18B616E600EFBEB4 /* Release */ = {
			isa = XCBuildConfiguration;
			buildSettings = {
				ALWAYS_SEARCH_USER_PATHS = NO;
				ARCHS = "$(ARCHS_STANDARD_INCLUDING_64_BIT)";
				CLANG_CXX_LANGUAGE_STANDARD = "gnu++0x";
				CLANG_CXX_LIBRARY = "libc++";
				CLANG_ENABLE_MODULES = YES;
				CLANG_ENABLE_OBJC_ARC = YES;
				CLANG_WARN_BOOL_CONVERSION = YES;
				CLANG_WARN_CONSTANT_CONVERSION = YES;
				CLANG_WARN_DIRECT_OBJC_ISA_USAGE = YES_ERROR;
				CLANG_WARN_EMPTY_BODY = YES;
				CLANG_WARN_ENUM_CONVERSION = YES;
				CLANG_WARN_INT_CONVERSION = YES;
				CLANG_WARN_OBJC_ROOT_CLASS = YES_ERROR;
				CLANG_WARN__DUPLICATE_METHOD_MATCH = YES;
				"CODE_SIGN_IDENTITY[sdk=iphoneos*]" = "iPhone Developer";
				COPY_PHASE_STRIP = YES;
				ENABLE_NS_ASSERTIONS = NO;
				GCC_C_LANGUAGE_STANDARD = gnu99;
				GCC_WARN_64_TO_32_BIT_CONVERSION = YES;
				GCC_WARN_ABOUT_RETURN_TYPE = YES_ERROR;
				GCC_WARN_UNDECLARED_SELECTOR = YES;
				GCC_WARN_UNINITIALIZED_AUTOS = YES;
				GCC_WARN_UNUSED_FUNCTION = YES;
				GCC_WARN_UNUSED_VARIABLE = YES;
				IPHONEOS_DEPLOYMENT_TARGET = 7.0;
				SDKROOT = iphoneos;
				VALIDATE_PRODUCT = YES;
			};
			name = Release;
		};
		9B601E5118B616E600EFBEB4 /* Debug */ = {
			isa = XCBuildConfiguration;
			buildSettings = {
				ASSETCATALOG_COMPILER_APPICON_NAME = AppIcon;
				ASSETCATALOG_COMPILER_LAUNCHIMAGE_NAME = LaunchImage;
				GCC_PRECOMPILE_PREFIX_HEADER = YES;
				GCC_PREFIX_HEADER = "Dynamics/Dynamics-Prefix.pch";
				INFOPLIST_FILE = "Dynamics/Dynamics-Info.plist";
				PRODUCT_NAME = "$(TARGET_NAME)";
				WRAPPER_EXTENSION = app;
			};
			name = Debug;
		};
		9B601E5218B616E600EFBEB4 /* Release */ = {
			isa = XCBuildConfiguration;
			buildSettings = {
				ASSETCATALOG_COMPILER_APPICON_NAME = AppIcon;
				ASSETCATALOG_COMPILER_LAUNCHIMAGE_NAME = LaunchImage;
				GCC_PRECOMPILE_PREFIX_HEADER = YES;
				GCC_PREFIX_HEADER = "Dynamics/Dynamics-Prefix.pch";
				INFOPLIST_FILE = "Dynamics/Dynamics-Info.plist";
				PRODUCT_NAME = "$(TARGET_NAME)";
				WRAPPER_EXTENSION = app;
			};
			name = Release;
		};
		9B601E5418B616E600EFBEB4 /* Debug */ = {
			isa = XCBuildConfiguration;
			buildSettings = {
				ARCHS = "$(ARCHS_STANDARD_INCLUDING_64_BIT)";
				BUNDLE_LOADER = "$(BUILT_PRODUCTS_DIR)/Dynamics.app/Dynamics";
				FRAMEWORK_SEARCH_PATHS = (
					"$(SDKROOT)/Developer/Library/Frameworks",
					"$(inherited)",
					"$(DEVELOPER_FRAMEWORKS_DIR)",
				);
				GCC_PRECOMPILE_PREFIX_HEADER = YES;
				GCC_PREFIX_HEADER = "Dynamics/Dynamics-Prefix.pch";
				GCC_PREPROCESSOR_DEFINITIONS = (
					"DEBUG=1",
					"$(inherited)",
				);
				INFOPLIST_FILE = "DynamicsTests/DynamicsTests-Info.plist";
				PRODUCT_NAME = "$(TARGET_NAME)";
				TEST_HOST = "$(BUNDLE_LOADER)";
				WRAPPER_EXTENSION = xctest;
			};
			name = Debug;
		};
		9B601E5518B616E600EFBEB4 /* Release */ = {
			isa = XCBuildConfiguration;
			buildSettings = {
				ARCHS = "$(ARCHS_STANDARD_INCLUDING_64_BIT)";
				BUNDLE_LOADER = "$(BUILT_PRODUCTS_DIR)/Dynamics.app/Dynamics";
				FRAMEWORK_SEARCH_PATHS = (
					"$(SDKROOT)/Developer/Library/Frameworks",
					"$(inherited)",
					"$(DEVELOPER_FRAMEWORKS_DIR)",
				);
				GCC_PRECOMPILE_PREFIX_HEADER = YES;
				GCC_PREFIX_HEADER = "Dynamics/Dynamics-Prefix.pch";
				INFOPLIST_FILE = "DynamicsTests/DynamicsTests-Info.plist";
				PRODUCT_NAME = "$(TARGET_NAME)";
				TEST_HOST = "$(BUNDLE_LOADER)";
				WRAPPER_EXTENSION = xctest;
			};
			name = Release;
		};
/* End XCBuildConfiguration section */

/* Begin XCConfigurationList section */
		9B601E1918B616E600EFBEB4 /* Build configuration list for PBXProject "Dynamics" */ = {
			isa = XCConfigurationList;
			buildConfigurations = (
				9B601E4E18B616E600EFBEB4 /* Debug */,
				9B601E4F18B616E600EFBEB4 /* Release */,
			);
			defaultConfigurationIsVisible = 0;
			defaultConfigurationName = Release;
		};
		9B601E5018B616E600EFBEB4 /* Build configuration list for PBXNativeTarget "Dynamics" */ = {
			isa = XCConfigurationList;
			buildConfigurations = (
				9B601E5118B616E600EFBEB4 /* Debug */,
				9B601E5218B616E600EFBEB4 /* Release */,
			);
			defaultConfigurationIsVisible = 0;
		};
		9B601E5318B616E600EFBEB4 /* Build configuration list for PBXNativeTarget "DynamicsTests" */ = {
			isa = XCConfigurationList;
			buildConfigurations = (
				9B601E5418B616E600EFBEB4 /* Debug */,
				9B601E5518B616E600EFBEB4 /* Release */,
			);
			defaultConfigurationIsVisible = 0;
		};
/* End XCConfigurationList section */
	};
	rootObject = 9B601E1618B616E600EFBEB4 /* Project object */;
}
